# This file is automatically @generated by Cargo.
# It is not intended for manual editing.
version = 4

[[package]]
name = "client-app"
version = "0.1.0"

[[package]]
name = "sim-core"
version = "0.1.0"

[[package]]
name = "tooling-core"
version = "0.1.0"

[[package]]
name = "world-service"
version = "0.1.0"
